
Microsoft Visual Studio Solution File, Format Version 12.00
# Visual Studio 15
VisualStudioVersion = 15.0.26730.10
MinimumVisualStudioVersion = 10.0.40219.1
Project("{9A19103F-16F7-4668-BE54-9A1E7A4F7556}") = "Migration.WIContract", "Migration.WIContract\Migration.WIContract.csproj", "{568D9D59-1617-441B-95E3-9C2E93EFA1D2}"
EndProject
Project("{9A19103F-16F7-4668-BE54-9A1E7A4F7556}") = "Migration.Common", "Migration.Common\Migration.Common.csproj", "{2A0CD443-32EF-492B-A1B2-895823546B25}"
EndProject
Project("{9A19103F-16F7-4668-BE54-9A1E7A4F7556}") = "jira-export", "JiraExport\jira-export.csproj", "{37C61846-D02F-44E3-8762-D9FD662AC279}"
EndProject
Project("{FAE04EC0-301F-11D3-BF4B-00C04F79EFBC}") = "wi-import", "WorkItemImport\wi-import.csproj", "{AE116C7E-EA6D-489B-B98D-422A5A5D6E9F}"
EndProject
Global
	GlobalSection(SolutionConfigurationPlatforms) = preSolution
		Debug|Any CPU = Debug|Any CPU
		Release|Any CPU = Release|Any CPU
	EndGlobalSection
	GlobalSection(ProjectConfigurationPlatforms) = postSolution
		{568D9D59-1617-441B-95E3-9C2E93EFA1D2}.Debug|Any CPU.ActiveCfg = Debug|Any CPU
		{568D9D59-1617-441B-95E3-9C2E93EFA1D2}.Debug|Any CPU.Build.0 = Debug|Any CPU
		{568D9D59-1617-441B-95E3-9C2E93EFA1D2}.Release|Any CPU.ActiveCfg = Release|Any CPU
		{568D9D59-1617-441B-95E3-9C2E93EFA1D2}.Release|Any CPU.Build.0 = Release|Any CPU
		{2A0CD443-32EF-492B-A1B2-895823546B25}.Debug|Any CPU.ActiveCfg = Debug|Any CPU
		{2A0CD443-32EF-492B-A1B2-895823546B25}.Debug|Any CPU.Build.0 = Debug|Any CPU
		{2A0CD443-32EF-492B-A1B2-895823546B25}.Release|Any CPU.ActiveCfg = Release|Any CPU
		{2A0CD443-32EF-492B-A1B2-895823546B25}.Release|Any CPU.Build.0 = Release|Any CPU
		{37C61846-D02F-44E3-8762-D9FD662AC279}.Debug|Any CPU.ActiveCfg = Debug|Any CPU
		{37C61846-D02F-44E3-8762-D9FD662AC279}.Debug|Any CPU.Build.0 = Debug|Any CPU
		{37C61846-D02F-44E3-8762-D9FD662AC279}.Release|Any CPU.ActiveCfg = Release|Any CPU
		{37C61846-D02F-44E3-8762-D9FD662AC279}.Release|Any CPU.Build.0 = Release|Any CPU
		{AE116C7E-EA6D-489B-B98D-422A5A5D6E9F}.Debug|Any CPU.ActiveCfg = Debug|Any CPU
		{AE116C7E-EA6D-489B-B98D-422A5A5D6E9F}.Debug|Any CPU.Build.0 = Debug|Any CPU
		{AE116C7E-EA6D-489B-B98D-422A5A5D6E9F}.Release|Any CPU.ActiveCfg = Release|Any CPU
		{AE116C7E-EA6D-489B-B98D-422A5A5D6E9F}.Release|Any CPU.Build.0 = Release|Any CPU
	EndGlobalSection
	GlobalSection(SolutionProperties) = preSolution
		HideSolutionNode = FALSE
	EndGlobalSection
	GlobalSection(ExtensibilityGlobals) = postSolution
		SolutionGuid = {C79F9C98-4D90-4590-A3F5-1D49EEAE40C0}
	EndGlobalSection
EndGlobal
